Microsoft Visual Studio Solution File, Format Version 12.00
# Visual Studio Version 17
VisualStudioVersion = 17.5.2.0
MinimumVisualStudioVersion = 10.0.40219.1
Project("{2150E333-8FDC-42A3-9474-1A3956D46DE8}") = "collections-csharp-practice", "collections-csharp-practice", "{B74F3C35-59E8-51DC-66E2-E46BE919468F}"
EndProject
Project("{2150E333-8FDC-42A3-9474-1A3956D46DE8}") = "scenario-based", "scenario-based", "{BCC98443-A04B-930B-BDC1-E5B5722CE080}"
EndProject
Project("{FAE04EC0-301F-11D3-BF4B-00C04F79EFBC}") = "AmbulanceRoute", "collections-csharp-practice\scenario-based\AmbulanceRoute\AmbulanceRoute.csproj", "{DA93539F-FC9D-2C37-F6A8-735D16E8B5B8}"
EndProject
Project("{FAE04EC0-301F-11D3-BF4B-00C04F79EFBC}") = "SmartCheckout", "collections-csharp-practice\scenario-based\SmartCheckout\SmartCheckout.csproj", "{6C3ADC68-DD25-8609-0099-594A8DDF7303}"
EndProject
Global
	GlobalSection(SolutionConfigurationPlatforms) = preSolution
		Debug|Any CPU = Debug|Any CPU
		Release|Any CPU = Release|Any CPU
	EndGlobalSection
	GlobalSection(ProjectConfigurationPlatforms) = postSolution
		{DA93539F-FC9D-2C37-F6A8-735D16E8B5B8}.Debug|Any CPU.ActiveCfg = Debug|Any CPU
		{DA93539F-FC9D-2C37-F6A8-735D16E8B5B8}.Debug|Any CPU.Build.0 = Debug|Any CPU
		{DA93539F-FC9D-2C37-F6A8-735D16E8B5B8}.Release|Any CPU.ActiveCfg = Release|Any CPU
		{DA93539F-FC9D-2C37-F6A8-735D16E8B5B8}.Release|Any CPU.Build.0 = Release|Any CPU
		{6C3ADC68-DD25-8609-0099-594A8DDF7303}.Debug|Any CPU.ActiveCfg = Debug|Any CPU
		{6C3ADC68-DD25-8609-0099-594A8DDF7303}.Debug|Any CPU.Build.0 = Debug|Any CPU
		{6C3ADC68-DD25-8609-0099-594A8DDF7303}.Release|Any CPU.ActiveCfg = Release|Any CPU
		{6C3ADC68-DD25-8609-0099-594A8DDF7303}.Release|Any CPU.Build.0 = Release|Any CPU
	EndGlobalSection
	GlobalSection(SolutionProperties) = preSolution
		HideSolutionNode = FALSE
	EndGlobalSection
	GlobalSection(NestedProjects) = preSolution
		{BCC98443-A04B-930B-BDC1-E5B5722CE080} = {B74F3C35-59E8-51DC-66E2-E46BE919468F}
		{DA93539F-FC9D-2C37-F6A8-735D16E8B5B8} = {BCC98443-A04B-930B-BDC1-E5B5722CE080}
		{6C3ADC68-DD25-8609-0099-594A8DDF7303} = {BCC98443-A04B-930B-BDC1-E5B5722CE080}
	EndGlobalSection
	GlobalSection(ExtensibilityGlobals) = postSolution
		SolutionGuid = {4678E401-DDCF-45FF-8C52-3DBF67B7A345}
	EndGlobalSection
EndGlobal
